
Microsoft Visual Studio Solution File, Format Version 12.00
# Visual Studio Version 16
VisualStudioVersion = 16.0.31129.286
MinimumVisualStudioVersion = 10.0.40219.1
Project("{FAE04EC0-301F-11D3-BF4B-00C04F79EFBC}") = "ylcGroupingClient", "ylcGroupingClient\ylcGroupingClient.csproj", "{CDFAEBE4-30B5-4D32-9437-E44F30074E0E}"
	ProjectSection(ProjectDependencies) = postProject
		{205233A7-8E28-4F0A-8136-AF31FB383F91} = {205233A7-8E28-4F0A-8136-AF31FB383F91}
	EndProjectSection
EndProject
Project("{9A19103F-16F7-4668-BE54-9A1E7A4F7556}") = "ylccProtocol", "..\ylccProtocol\ylccProtocol\ylccProtocol.csproj", "{205233A7-8E28-4F0A-8136-AF31FB383F91}"
EndProject
Project("{C7167F0D-BC9F-4E6E-AFE1-012C56B48DB5}") = "ylcGroupingWapProj", "ylcGroupingWapProj\ylcGroupingWapProj.wapproj", "{ACBD538D-AD45-4018-919E-65DA81C90F02}"
	ProjectSection(ProjectDependencies) = postProject
		{CDFAEBE4-30B5-4D32-9437-E44F30074E0E} = {CDFAEBE4-30B5-4D32-9437-E44F30074E0E}
	EndProjectSection
EndProject
Global
	GlobalSection(SolutionConfigurationPlatforms) = preSolution
		Debug|Any CPU = Debug|Any CPU
		Debug|ARM = Debug|ARM
		Debug|ARM64 = Debug|ARM64
		Debug|x64 = Debug|x64
		Debug|x86 = Debug|x86
		Release|Any CPU = Release|Any CPU
		Release|ARM = Release|ARM
		Release|ARM64 = Release|ARM64
		Release|x64 = Release|x64
		Release|x86 = Release|x86
	EndGlobalSection
	GlobalSection(ProjectConfigurationPlatforms) = postSolution
		{CDFAEBE4-30B5-4D32-9437-E44F30074E0E}.Debug|Any CPU.ActiveCfg = Debug|Any CPU
		{CDFAEBE4-30B5-4D32-9437-E44F30074E0E}.Debug|Any CPU.Build.0 = Debug|Any CPU
		{CDFAEBE4-30B5-4D32-9437-E44F30074E0E}.Debug|ARM.ActiveCfg = Debug|Any CPU
		{CDFAEBE4-30B5-4D32-9437-E44F30074E0E}.Debug|ARM.Build.0 = Debug|Any CPU
		{CDFAEBE4-30B5-4D32-9437-E44F30074E0E}.Debug|ARM64.ActiveCfg = Debug|Any CPU
		{CDFAEBE4-30B5-4D32-9437-E44F30074E0E}.Debug|ARM64.Build.0 = Debug|Any CPU
		{CDFAEBE4-30B5-4D32-9437-E44F30074E0E}.Debug|x64.ActiveCfg = Debug|Any CPU
		{CDFAEBE4-30B5-4D32-9437-E44F30074E0E}.Debug|x64.Build.0 = Debug|Any CPU
		{CDFAEBE4-30B5-4D32-9437-E44F30074E0E}.Debug|x86.ActiveCfg = Debug|Any CPU
		{CDFAEBE4-30B5-4D32-9437-E44F30074E0E}.Debug|x86.Build.0 = Debug|Any CPU
		{CDFAEBE4-30B5-4D32-9437-E44F30074E0E}.Release|Any CPU.ActiveCfg = Release|Any CPU
		{CDFAEBE4-30B5-4D32-9437-E44F30074E0E}.Release|Any CPU.Build.0 = Release|Any CPU
		{CDFAEBE4-30B5-4D32-9437-E44F30074E0E}.Release|ARM.ActiveCfg = Release|Any CPU
		{CDFAEBE4-30B5-4D32-9437-E44F30074E0E}.Release|ARM.Build.0 = Release|Any CPU
		{CDFAEBE4-30B5-4D32-9437-E44F30074E0E}.Release|ARM64.ActiveCfg = Release|Any CPU
		{CDFAEBE4-30B5-4D32-9437-E44F30074E0E}.Release|ARM64.Build.0 = Release|Any CPU
		{CDFAEBE4-30B5-4D32-9437-E44F30074E0E}.Release|x64.ActiveCfg = Release|Any CPU
		{CDFAEBE4-30B5-4D32-9437-E44F30074E0E}.Release|x64.Build.0 = Release|Any CPU
		{CDFAEBE4-30B5-4D32-9437-E44F30074E0E}.Release|x86.ActiveCfg = Release|Any CPU
		{CDFAEBE4-30B5-4D32-9437-E44F30074E0E}.Release|x86.Build.0 = Release|Any CPU
		{205233A7-8E28-4F0A-8136-AF31FB383F91}.Debug|Any CPU.ActiveCfg = Debug|Any CPU
		{205233A7-8E28-4F0A-8136-AF31FB383F91}.Debug|Any CPU.Build.0 = Debug|Any CPU
		{205233A7-8E28-4F0A-8136-AF31FB383F91}.Debug|ARM.ActiveCfg = Debug|Any CPU
		{205233A7-8E28-4F0A-8136-AF31FB383F91}.Debug|ARM.Build.0 = Debug|Any CPU
		{205233A7-8E28-4F0A-8136-AF31FB383F91}.Debug|ARM64.ActiveCfg = Debug|Any CPU
		{205233A7-8E28-4F0A-8136-AF31FB383F91}.Debug|ARM64.Build.0 = Debug|Any CPU
		{205233A7-8E28-4F0A-8136-AF31FB383F91}.Debug|x64.ActiveCfg = Debug|Any CPU
		{205233A7-8E28-4F0A-8136-AF31FB383F91}.Debug|x64.Build.0 = Debug|Any CPU
		{205233A7-8E28-4F0A-8136-AF31FB383F91}.Debug|x86.ActiveCfg = Debug|Any CPU
		{205233A7-8E28-4F0A-8136-AF31FB383F91}.Debug|x86.Build.0 = Debug|Any CPU
		{205233A7-8E28-4F0A-8136-AF31FB383F91}.Release|Any CPU.ActiveCfg = Release|Any CPU
		{205233A7-8E28-4F0A-8136-AF31FB383F91}.Release|Any CPU.Build.0 = Release|Any CPU
		{205233A7-8E28-4F0A-8136-AF31FB383F91}.Release|ARM.ActiveCfg = Release|Any CPU
		{205233A7-8E28-4F0A-8136-AF31FB383F91}.Release|ARM.Build.0 = Release|Any CPU
		{205233A7-8E28-4F0A-8136-AF31FB383F91}.Release|ARM64.ActiveCfg = Release|Any CPU
		{205233A7-8E28-4F0A-8136-AF31FB383F91}.Release|ARM64.Build.0 = Release|Any CPU
		{205233A7-8E28-4F0A-8136-AF31FB383F91}.Release|x64.ActiveCfg = Release|Any CPU
		{205233A7-8E28-4F0A-8136-AF31FB383F91}.Release|x64.Build.0 = Release|Any CPU
		{205233A7-8E28-4F0A-8136-AF31FB383F91}.Release|x86.ActiveCfg = Release|Any CPU
		{205233A7-8E28-4F0A-8136-AF31FB383F91}.Release|x86.Build.0 = Release|Any CPU
		{ACBD538D-AD45-4018-919E-65DA81C90F02}.Debug|Any CPU.ActiveCfg = Debug|Any CPU
		{ACBD538D-AD45-4018-919E-65DA81C90F02}.Debug|Any CPU.Build.0 = Debug|Any CPU
		{ACBD538D-AD45-4018-919E-65DA81C90F02}.Debug|Any CPU.Deploy.0 = Debug|Any CPU
		{ACBD538D-AD45-4018-919E-65DA81C90F02}.Debug|ARM.ActiveCfg = Debug|ARM
		{ACBD538D-AD45-4018-919E-65DA81C90F02}.Debug|ARM.Build.0 = Debug|ARM
		{ACBD538D-AD45-4018-919E-65DA81C90F02}.Debug|ARM.Deploy.0 = Debug|ARM
		{ACBD538D-AD45-4018-919E-65DA81C90F02}.Debug|ARM64.ActiveCfg = Debug|ARM64
		{ACBD538D-AD45-4018-919E-65DA81C90F02}.Debug|ARM64.Build.0 = Debug|ARM64
		{ACBD538D-AD45-4018-919E-65DA81C90F02}.Debug|ARM64.Deploy.0 = Debug|ARM64
		{ACBD538D-AD45-4018-919E-65DA81C90F02}.Debug|x64.ActiveCfg = Debug|x64
		{ACBD538D-AD45-4018-919E-65DA81C90F02}.Debug|x64.Build.0 = Debug|x64
		{ACBD538D-AD45-4018-919E-65DA81C90F02}.Debug|x64.Deploy.0 = Debug|x64
		{ACBD538D-AD45-4018-919E-65DA81C90F02}.Debug|x86.ActiveCfg = Debug|x86
		{ACBD538D-AD45-4018-919E-65DA81C90F02}.Debug|x86.Build.0 = Debug|x86
		{ACBD538D-AD45-4018-919E-65DA81C90F02}.Debug|x86.Deploy.0 = Debug|x86
		{ACBD538D-AD45-4018-919E-65DA81C90F02}.Release|Any CPU.ActiveCfg = Release|Any CPU
		{ACBD538D-AD45-4018-919E-65DA81C90F02}.Release|Any CPU.Build.0 = Release|Any CPU
		{ACBD538D-AD45-4018-919E-65DA81C90F02}.Release|Any CPU.Deploy.0 = Release|Any CPU
		{ACBD538D-AD45-4018-919E-65DA81C90F02}.Release|ARM.ActiveCfg = Release|ARM
		{ACBD538D-AD45-4018-919E-65DA81C90F02}.Release|ARM.Build.0 = Release|ARM
		{ACBD538D-AD45-4018-919E-65DA81C90F02}.Release|ARM.Deploy.0 = Release|ARM
		{ACBD538D-AD45-4018-919E-65DA81C90F02}.Release|ARM64.ActiveCfg = Release|ARM64
		{ACBD538D-AD45-4018-919E-65DA81C90F02}.Release|ARM64.Build.0 = Release|ARM64
		{ACBD538D-AD45-4018-919E-65DA81C90F02}.Release|ARM64.Deploy.0 = Release|ARM64
		{ACBD538D-AD45-4018-919E-65DA81C90F02}.Release|x64.ActiveCfg = Release|x64
		{ACBD538D-AD45-4018-919E-65DA81C90F02}.Release|x64.Build.0 = Release|x64
		{ACBD538D-AD45-4018-919E-65DA81C90F02}.Release|x64.Deploy.0 = Release|x64
		{ACBD538D-AD45-4018-919E-65DA81C90F02}.Release|x86.ActiveCfg = Release|x86
		{ACBD538D-AD45-4018-919E-65DA81C90F02}.Release|x86.Build.0 = Release|x86
		{ACBD538D-AD45-4018-919E-65DA81C90F02}.Release|x86.Deploy.0 = Release|x86
	EndGlobalSection
	GlobalSection(SolutionProperties) = preSolution
		HideSolutionNode = FALSE
	EndGlobalSection
	GlobalSection(ExtensibilityGlobals) = postSolution
		SolutionGuid = {1D8AF3BF-0013-44AD-903C-84D3CDF967E1}
	EndGlobalSection
EndGlobal
